# This file is automatically @generated by Wally.
# It is not intended for manual editing.
registry = "test"

[[package]]
name = "mariochao/beloved-remote"
version = "0.0.2"
dependencies = []

[[package]]
name = "mariochao/dreamers-dialog-system"
version = "0.0.0"
dependencies = [["BelovedRemote", "mariochao/beloved-remote@0.0.2"], ["TextTypewriter", "mariochao/text-typewriter@0.0.1"], ["UIUtil", "mariochao/ui-util@0.0.1"]]

[[package]]
name = "mariochao/text-typewriter"
version = "0.0.1"
dependencies = []

[[package]]
name = "mariochao/ui-util"
version = "0.0.1"
dependencies = []
